
Microsoft Visual Studio Solution File, Format Version 12.00
# Visual Studio Version 17
VisualStudioVersion = 17.8.34330.188
MinimumVisualStudioVersion = 10.0.40219.1
Project("{FAE04EC0-301F-11D3-BF4B-00C04F79EFBC}") = "PolylineChallenge", "PolylineChallenge.csproj", "{A0B32CA3-8C7C-444E-8F5C-39B96AF5A024}"
EndProject
Global
	GlobalSection(SolutionConfigurationPlatforms) = preSolution
		Debug|Any CPU = Debug|Any CPU
		Release|Any CPU = Release|Any CPU
	EndGlobalSection
	GlobalSection(ProjectConfigurationPlatforms) = postSolution
		{A0B32CA3-8C7C-444E-8F5C-39B96AF5A024}.Debug|Any CPU.ActiveCfg = Debug|Any CPU
		{A0B32CA3-8C7C-444E-8F5C-39B96AF5A024}.Debug|Any CPU.Build.0 = Debug|Any CPU
		{A0B32CA3-8C7C-444E-8F5C-39B96AF5A024}.Release|Any CPU.ActiveCfg = Release|Any CPU
		{A0B32CA3-8C7C-444E-8F5C-39B96AF5A024}.Release|Any CPU.Build.0 = Release|Any CPU
	EndGlobalSection
	GlobalSection(SolutionProperties) = preSolution
		HideSolutionNode = FALSE
	EndGlobalSection
	GlobalSection(ExtensibilityGlobals) = postSolution
		SolutionGuid = {8DA1BD18-5460-41C0-B3E9-73A818D424AE}
	EndGlobalSection
EndGlobal
